
Microsoft Visual Studio Solution File, Format Version 12.00
# Visual Studio 15
VisualStudioVersion = 15.0.28010.2050
MinimumVisualStudioVersion = 10.0.40219.1
Project("{FAE04EC0-301F-11D3-BF4B-00C04F79EFBC}") = "Medikeeper", "Medikeeper\Medikeeper.csproj", "{AB7751A8-A18B-440E-BFB7-CF0C4141BDBA}"
EndProject
Global
	GlobalSection(SolutionConfigurationPlatforms) = preSolution
		Debug|Any CPU = Debug|Any CPU
		Release|Any CPU = Release|Any CPU
	EndGlobalSection
	GlobalSection(ProjectConfigurationPlatforms) = postSolution
		{AB7751A8-A18B-440E-BFB7-CF0C4141BDBA}.Debug|Any CPU.ActiveCfg = Debug|Any CPU
		{AB7751A8-A18B-440E-BFB7-CF0C4141BDBA}.Debug|Any CPU.Build.0 = Debug|Any CPU
		{AB7751A8-A18B-440E-BFB7-CF0C4141BDBA}.Release|Any CPU.ActiveCfg = Release|Any CPU
		{AB7751A8-A18B-440E-BFB7-CF0C4141BDBA}.Release|Any CPU.Build.0 = Release|Any CPU
	EndGlobalSection
	GlobalSection(SolutionProperties) = preSolution
		HideSolutionNode = FALSE
	EndGlobalSection
	GlobalSection(ExtensibilityGlobals) = postSolution
		SolutionGuid = {54F2565F-4D93-4FD8-A900-A0F46D550370}
	EndGlobalSection
EndGlobal
